
Microsoft Visual Studio Solution File, Format Version 12.00
# Visual Studio Version 17
VisualStudioVersion = 17.5.33627.172
MinimumVisualStudioVersion = 10.0.40219.1
Project("{2150E333-8FDC-42A3-9474-1A3956D46DE8}") = "Services", "Services", "{7839EF8A-7F2B-4025-A589-2CF8E5F2A716}"
EndProject
Project("{2150E333-8FDC-42A3-9474-1A3956D46DE8}") = "Catalog", "Catalog", "{33BADF9E-632F-42C7-9A13-69FC8D7984DD}"
EndProject
Project("{9A19103F-16F7-4668-BE54-9A1E7A4F7556}") = "Catalog.API", "Services\Catalog\Catalog.API\Catalog.API.csproj", "{997C64F7-C3A5-4C1E-A171-713CF5177034}"
EndProject
Project("{E53339B2-1760-4266-BCC7-CA923CBCF16C}") = "docker-compose", "docker-compose.dcproj", "{C711EA1B-6ADA-4D70-B118-3BAED3AFB3E9}"
EndProject
Project("{2150E333-8FDC-42A3-9474-1A3956D46DE8}") = "Basket", "Basket", "{53A9DFB0-C803-484B-AD2D-A1C8E0D49FB9}"
EndProject
Project("{9A19103F-16F7-4668-BE54-9A1E7A4F7556}") = "Basket.API", "Services\Basket\Basket.API\Basket.API.csproj", "{92DFC056-2663-497E-829E-01123E7A70BF}"
EndProject
Project("{2150E333-8FDC-42A3-9474-1A3956D46DE8}") = "Discount", "Discount", "{CF4AA152-165D-47CB-8E68-9CC609602546}"
EndProject
Project("{9A19103F-16F7-4668-BE54-9A1E7A4F7556}") = "Discount.API", "Services\Discount\Discount.API\Discount.API.csproj", "{AA1226C4-69B8-4B54-B3B0-856FCEFFD331}"
EndProject
Project("{9A19103F-16F7-4668-BE54-9A1E7A4F7556}") = "Discount.Grpc", "Services\Discount\Discount.Grpc\Discount.Grpc.csproj", "{C84E2834-5B52-47CC-8BE6-A499D2B7B916}"
EndProject
Project("{2150E333-8FDC-42A3-9474-1A3956D46DE8}") = "Ordering", "Ordering", "{D1168231-1431-48D1-A565-E68D307E5803}"
EndProject
Project("{9A19103F-16F7-4668-BE54-9A1E7A4F7556}") = "Ordering.API", "Services\Ordering\Ordering.API\Ordering.API.csproj", "{7CCDE918-2DC1-4819-ADAA-CD7E7DFCE7C1}"
EndProject
Project("{9A19103F-16F7-4668-BE54-9A1E7A4F7556}") = "Ordering.Domain", "Services\Ordering\Ordering.Domain\Ordering.Domain.csproj", "{CE43B2E5-27FE-478D-B791-2E891224F8BA}"
EndProject
Project("{9A19103F-16F7-4668-BE54-9A1E7A4F7556}") = "Ordering.Application", "Services\Ordering\Ordering.Application\Ordering.Application.csproj", "{4E9D2184-F4A2-45CD-8CD9-01F6A23A9CF2}"
EndProject
Project("{9A19103F-16F7-4668-BE54-9A1E7A4F7556}") = "Ordering.Infrastructure", "Services\Ordering\Ordering.Infrastructure\Ordering.Infrastructure.csproj", "{F2BFF45F-3E4E-49B2-81D9-8BD8D9496F5D}"
EndProject
Project("{2150E333-8FDC-42A3-9474-1A3956D46DE8}") = "BuildingBlocks", "BuildingBlocks", "{0E9BD602-A595-44E1-81D0-604CA86DD339}"
EndProject
Project("{9A19103F-16F7-4668-BE54-9A1E7A4F7556}") = "EventBus.Messages", "BuildingBlocks\EventBus.Messages\EventBus.Messages.csproj", "{D312E35A-5EC8-4AA8-B6D2-328282BDAA38}"
EndProject
Project("{2150E333-8FDC-42A3-9474-1A3956D46DE8}") = "ApiGateways", "ApiGateways", "{BE9DD95B-34B3-4B82-8451-2E3A4A2ADD28}"
EndProject
Project("{9A19103F-16F7-4668-BE54-9A1E7A4F7556}") = "OcelotApiGw", "ApiGateways\OcelotApiGw\OcelotApiGw.csproj", "{E97EDC7E-F6F0-44CB-A599-E16C995095BE}"
EndProject
Project("{9A19103F-16F7-4668-BE54-9A1E7A4F7556}") = "Shopping.Aggregator", "ApiGateways\Shopping.Aggregator\Shopping.Aggregator.csproj", "{1A24F668-13E4-4A6C-A696-B091154DB7A0}"
EndProject
Project("{2150E333-8FDC-42A3-9474-1A3956D46DE8}") = "WebApps", "WebApps", "{390DEDD6-8C99-42F4-B4E7-496155EBFB08}"
EndProject
Project("{9A19103F-16F7-4668-BE54-9A1E7A4F7556}") = "AspnetRunBasics", "WebApps\AspnetRunBasics\AspnetRunBasics.csproj", "{18B6A3BB-7807-46CE-B5D6-51DE9ED2CD20}"
EndProject
Global
	GlobalSection(SolutionConfigurationPlatforms) = preSolution
		Debug|Any CPU = Debug|Any CPU
		Release|Any CPU = Release|Any CPU
	EndGlobalSection
	GlobalSection(ProjectConfigurationPlatforms) = postSolution
		{997C64F7-C3A5-4C1E-A171-713CF5177034}.Debug|Any CPU.ActiveCfg = Debug|Any CPU
		{997C64F7-C3A5-4C1E-A171-713CF5177034}.Debug|Any CPU.Build.0 = Debug|Any CPU
		{997C64F7-C3A5-4C1E-A171-713CF5177034}.Release|Any CPU.ActiveCfg = Release|Any CPU
		{997C64F7-C3A5-4C1E-A171-713CF5177034}.Release|Any CPU.Build.0 = Release|Any CPU
		{C711EA1B-6ADA-4D70-B118-3BAED3AFB3E9}.Debug|Any CPU.ActiveCfg = Debug|Any CPU
		{C711EA1B-6ADA-4D70-B118-3BAED3AFB3E9}.Debug|Any CPU.Build.0 = Debug|Any CPU
		{C711EA1B-6ADA-4D70-B118-3BAED3AFB3E9}.Release|Any CPU.ActiveCfg = Release|Any CPU
		{C711EA1B-6ADA-4D70-B118-3BAED3AFB3E9}.Release|Any CPU.Build.0 = Release|Any CPU
		{92DFC056-2663-497E-829E-01123E7A70BF}.Debug|Any CPU.ActiveCfg = Debug|Any CPU
		{92DFC056-2663-497E-829E-01123E7A70BF}.Debug|Any CPU.Build.0 = Debug|Any CPU
		{92DFC056-2663-497E-829E-01123E7A70BF}.Release|Any CPU.ActiveCfg = Release|Any CPU
		{92DFC056-2663-497E-829E-01123E7A70BF}.Release|Any CPU.Build.0 = Release|Any CPU
		{AA1226C4-69B8-4B54-B3B0-856FCEFFD331}.Debug|Any CPU.ActiveCfg = Debug|Any CPU
		{AA1226C4-69B8-4B54-B3B0-856FCEFFD331}.Debug|Any CPU.Build.0 = Debug|Any CPU
		{AA1226C4-69B8-4B54-B3B0-856FCEFFD331}.Release|Any CPU.ActiveCfg = Release|Any CPU
		{AA1226C4-69B8-4B54-B3B0-856FCEFFD331}.Release|Any CPU.Build.0 = Release|Any CPU
		{C84E2834-5B52-47CC-8BE6-A499D2B7B916}.Debug|Any CPU.ActiveCfg = Debug|Any CPU
		{C84E2834-5B52-47CC-8BE6-A499D2B7B916}.Debug|Any CPU.Build.0 = Debug|Any CPU
		{C84E2834-5B52-47CC-8BE6-A499D2B7B916}.Release|Any CPU.ActiveCfg = Release|Any CPU
		{C84E2834-5B52-47CC-8BE6-A499D2B7B916}.Release|Any CPU.Build.0 = Release|Any CPU
		{7CCDE918-2DC1-4819-ADAA-CD7E7DFCE7C1}.Debug|Any CPU.ActiveCfg = Debug|Any CPU
		{7CCDE918-2DC1-4819-ADAA-CD7E7DFCE7C1}.Debug|Any CPU.Build.0 = Debug|Any CPU
		{7CCDE918-2DC1-4819-ADAA-CD7E7DFCE7C1}.Release|Any CPU.ActiveCfg = Release|Any CPU
		{7CCDE918-2DC1-4819-ADAA-CD7E7DFCE7C1}.Release|Any CPU.Build.0 = Release|Any CPU
		{CE43B2E5-27FE-478D-B791-2E891224F8BA}.Debug|Any CPU.ActiveCfg = Debug|Any CPU
		{CE43B2E5-27FE-478D-B791-2E891224F8BA}.Debug|Any CPU.Build.0 = Debug|Any CPU
		{CE43B2E5-27FE-478D-B791-2E891224F8BA}.Release|Any CPU.ActiveCfg = Release|Any CPU
		{CE43B2E5-27FE-478D-B791-2E891224F8BA}.Release|Any CPU.Build.0 = Release|Any CPU
		{4E9D2184-F4A2-45CD-8CD9-01F6A23A9CF2}.Debug|Any CPU.ActiveCfg = Debug|Any CPU
		{4E9D2184-F4A2-45CD-8CD9-01F6A23A9CF2}.Debug|Any CPU.Build.0 = Debug|Any CPU
		{4E9D2184-F4A2-45CD-8CD9-01F6A23A9CF2}.Release|Any CPU.ActiveCfg = Release|Any CPU
		{4E9D2184-F4A2-45CD-8CD9-01F6A23A9CF2}.Release|Any CPU.Build.0 = Release|Any CPU
		{F2BFF45F-3E4E-49B2-81D9-8BD8D9496F5D}.Debug|Any CPU.ActiveCfg = Debug|Any CPU
		{F2BFF45F-3E4E-49B2-81D9-8BD8D9496F5D}.Debug|Any CPU.Build.0 = Debug|Any CPU
		{F2BFF45F-3E4E-49B2-81D9-8BD8D9496F5D}.Release|Any CPU.ActiveCfg = Release|Any CPU
		{F2BFF45F-3E4E-49B2-81D9-8BD8D9496F5D}.Release|Any CPU.Build.0 = Release|Any CPU
		{D312E35A-5EC8-4AA8-B6D2-328282BDAA38}.Debug|Any CPU.ActiveCfg = Debug|Any CPU
		{D312E35A-5EC8-4AA8-B6D2-328282BDAA38}.Debug|Any CPU.Build.0 = Debug|Any CPU
		{D312E35A-5EC8-4AA8-B6D2-328282BDAA38}.Release|Any CPU.ActiveCfg = Release|Any CPU
		{D312E35A-5EC8-4AA8-B6D2-328282BDAA38}.Release|Any CPU.Build.0 = Release|Any CPU
		{E97EDC7E-F6F0-44CB-A599-E16C995095BE}.Debug|Any CPU.ActiveCfg = Debug|Any CPU
		{E97EDC7E-F6F0-44CB-A599-E16C995095BE}.Debug|Any CPU.Build.0 = Debug|Any CPU
		{E97EDC7E-F6F0-44CB-A599-E16C995095BE}.Release|Any CPU.ActiveCfg = Release|Any CPU
		{E97EDC7E-F6F0-44CB-A599-E16C995095BE}.Release|Any CPU.Build.0 = Release|Any CPU
		{1A24F668-13E4-4A6C-A696-B091154DB7A0}.Debug|Any CPU.ActiveCfg = Debug|Any CPU
		{1A24F668-13E4-4A6C-A696-B091154DB7A0}.Debug|Any CPU.Build.0 = Debug|Any CPU
		{1A24F668-13E4-4A6C-A696-B091154DB7A0}.Release|Any CPU.ActiveCfg = Release|Any CPU
		{1A24F668-13E4-4A6C-A696-B091154DB7A0}.Release|Any CPU.Build.0 = Release|Any CPU
		{18B6A3BB-7807-46CE-B5D6-51DE9ED2CD20}.Debug|Any CPU.ActiveCfg = Debug|Any CPU
		{18B6A3BB-7807-46CE-B5D6-51DE9ED2CD20}.Debug|Any CPU.Build.0 = Debug|Any CPU
		{18B6A3BB-7807-46CE-B5D6-51DE9ED2CD20}.Release|Any CPU.ActiveCfg = Release|Any CPU
		{18B6A3BB-7807-46CE-B5D6-51DE9ED2CD20}.Release|Any CPU.Build.0 = Release|Any CPU
	EndGlobalSection
	GlobalSection(SolutionProperties) = preSolution
		HideSolutionNode = FALSE
	EndGlobalSection
	GlobalSection(NestedProjects) = preSolution
		{33BADF9E-632F-42C7-9A13-69FC8D7984DD} = {7839EF8A-7F2B-4025-A589-2CF8E5F2A716}
		{997C64F7-C3A5-4C1E-A171-713CF5177034} = {33BADF9E-632F-42C7-9A13-69FC8D7984DD}
		{53A9DFB0-C803-484B-AD2D-A1C8E0D49FB9} = {7839EF8A-7F2B-4025-A589-2CF8E5F2A716}
		{92DFC056-2663-497E-829E-01123E7A70BF} = {53A9DFB0-C803-484B-AD2D-A1C8E0D49FB9}
		{CF4AA152-165D-47CB-8E68-9CC609602546} = {7839EF8A-7F2B-4025-A589-2CF8E5F2A716}
		{AA1226C4-69B8-4B54-B3B0-856FCEFFD331} = {CF4AA152-165D-47CB-8E68-9CC609602546}
		{C84E2834-5B52-47CC-8BE6-A499D2B7B916} = {CF4AA152-165D-47CB-8E68-9CC609602546}
		{D1168231-1431-48D1-A565-E68D307E5803} = {7839EF8A-7F2B-4025-A589-2CF8E5F2A716}
		{7CCDE918-2DC1-4819-ADAA-CD7E7DFCE7C1} = {D1168231-1431-48D1-A565-E68D307E5803}
		{CE43B2E5-27FE-478D-B791-2E891224F8BA} = {D1168231-1431-48D1-A565-E68D307E5803}
		{4E9D2184-F4A2-45CD-8CD9-01F6A23A9CF2} = {D1168231-1431-48D1-A565-E68D307E5803}
		{F2BFF45F-3E4E-49B2-81D9-8BD8D9496F5D} = {D1168231-1431-48D1-A565-E68D307E5803}
		{D312E35A-5EC8-4AA8-B6D2-328282BDAA38} = {0E9BD602-A595-44E1-81D0-604CA86DD339}
		{E97EDC7E-F6F0-44CB-A599-E16C995095BE} = {BE9DD95B-34B3-4B82-8451-2E3A4A2ADD28}
		{1A24F668-13E4-4A6C-A696-B091154DB7A0} = {BE9DD95B-34B3-4B82-8451-2E3A4A2ADD28}
		{18B6A3BB-7807-46CE-B5D6-51DE9ED2CD20} = {390DEDD6-8C99-42F4-B4E7-496155EBFB08}
	EndGlobalSection
	GlobalSection(ExtensibilityGlobals) = postSolution
		SolutionGuid = {66A37294-353D-4727-B980-3426CCDD20B0}
	EndGlobalSection
EndGlobal
